
Microsoft Visual Studio Solution File, Format Version 12.00
# Visual Studio Version 16
VisualStudioVersion = 16.0.29613.14
MinimumVisualStudioVersion = 10.0.40219.1
Project("{9A19103F-16F7-4668-BE54-9A1E7A4F7556}") = "zoom", "zoom\zoom.csproj", "{33F159FF-7D4E-4ACD-BCF6-CE052E9F84C4}"
EndProject
Global
	GlobalSection(SolutionConfigurationPlatforms) = preSolution
		Debug|Any CPU = Debug|Any CPU
		Release|Any CPU = Release|Any CPU
	EndGlobalSection
	GlobalSection(ProjectConfigurationPlatforms) = postSolution
		{33F159FF-7D4E-4ACD-BCF6-CE052E9F84C4}.Debug|Any CPU.ActiveCfg = Debug|Any CPU
		{33F159FF-7D4E-4ACD-BCF6-CE052E9F84C4}.Debug|Any CPU.Build.0 = Debug|Any CPU
		{33F159FF-7D4E-4ACD-BCF6-CE052E9F84C4}.Release|Any CPU.ActiveCfg = Release|Any CPU
		{33F159FF-7D4E-4ACD-BCF6-CE052E9F84C4}.Release|Any CPU.Build.0 = Release|Any CPU
	EndGlobalSection
	GlobalSection(SolutionProperties) = preSolution
		HideSolutionNode = FALSE
	EndGlobalSection
	GlobalSection(ExtensibilityGlobals) = postSolution
		SolutionGuid = {94765CDC-A170-4EB2-9D7A-EDEF9261BE7B}
	EndGlobalSection
EndGlobal
